// !$*UTF8*$!
{
	archiveVersion = 1;
	classes = {
	};
	objectVersion = 50;
	objects = {

/* Begin PBXBuildFile section */
		8C8E443B246F984200CAF168 /* AppDelegate.m in Sources */ = {isa = PBXBuildFile; fileRef = 8C8E443A246F984200CAF168 /* AppDelegate.m */; };
		8C8E443E246F984200CAF168 /* SceneDelegate.m in Sources */ = {isa = PBXBuildFile; fileRef = 8C8E443D246F984200CAF168 /* SceneDelegate.m */; };
		8C8E4441246F984200CAF168 /* FirstViewController.m in Sources */ = {isa = PBXBuildFile; fileRef = 8C8E4440246F984200CAF168 /* FirstViewController.m */; };
		8C8E4444246F984200CAF168 /* SecondViewController.m in Sources */ = {isa = PBXBuildFile; fileRef = 8C8E4443246F984200CAF168 /* SecondViewController.m */; };
		8C8E4447246F984200CAF168 /* Main.storyboard in Resources */ = {isa = PBXBuildFile; fileRef = 8C8E4445246F984200CAF168 /* Main.storyboard */; };
		8C8E4449246F984300CAF168 /* Assets.xcassets in Resources */ = {isa = PBXBuildFile; fileRef = 8C8E4448246F984300CAF168 /* Assets.xcassets */; };
		8C8E444C246F984300CAF168 /* LaunchScreen.storyboard in Resources */ = {isa = PBXBuildFile; fileRef = 8C8E444A246F984300CAF168 /* LaunchScreen.storyboard */; };
		8C8E444F246F984300CAF168 /* main.m in Sources */ = {isa = PBXBuildFile; fileRef = 8C8E444E246F984300CAF168 /* main.m */; };
		8C8E4457246F98C500CAF168 /* RSAEncrypt.m in Sources */ = {isa = PBXBuildFile; fileRef = 8C8E4456246F98C500CAF168 /* RSAEncrypt.m */; };
		8C8E445A246F9D4D00CAF168 /* private.pem in Resources */ = {isa = PBXBuildFile; fileRef = 8C8E4458246F9D4D00CAF168 /* private.pem */; };
		8C8E445B246F9D4D00CAF168 /* public.pem in Resources */ = {isa = PBXBuildFile; fileRef = 8C8E4459246F9D4D00CAF168 /* public.pem */; };
/* End PBXBuildFile section */

/* Begin PBXFileReference section */
		8C8E4436246F984200CAF168 /* Objective-C_RSA_Encrypt.app */ = {isa = PBXFileReference; explicitFileType = wrapper.application; includeInIndex = 0; path = "Objective-C_RSA_Encrypt.app"; sourceTree = BUILT_PRODUCTS_DIR; };
		8C8E4439246F984200CAF168 /* AppDelegate.h */ = {isa = PBXFileReference; lastKnownFileType = sourcecode.c.h; path = AppDelegate.h; sourceTree = "<group>"; };
		8C8E443A246F984200CAF168 /* AppDelegate.m */ = {isa = PBXFileReference; lastKnownFileType = sourcecode.c.objc; path = AppDelegate.m; sourceTree = "<group>"; };
		8C8E443C246F984200CAF168 /* SceneDelegate.h */ = {isa = PBXFileReference; lastKnownFileType = sourcecode.c.h; path = SceneDelegate.h; sourceTree = "<group>"; };
		8C8E443D246F984200CAF168 /* SceneDelegate.m */ = {isa = PBXFileReference; lastKnownFileType = sourcecode.c.objc; path = SceneDelegate.m; sourceTree = "<group>"; };
		8C8E443F246F984200CAF168 /* FirstViewController.h */ = {isa = PBXFileReference; lastKnownFileType = sourcecode.c.h; path = FirstViewController.h; sourceTree = "<group>"; };
		8C8E4440246F984200CAF168 /* FirstViewController.m */ = {isa = PBXFileReference; lastKnownFileType = sourcecode.c.objc; path = FirstViewController.m; sourceTree = "<group>"; };
		8C8E4442246F984200CAF168 /* SecondViewController.h */ = {isa = PBXFileReference; lastKnownFileType = sourcecode.c.h; path = SecondViewController.h; sourceTree = "<group>"; };
		8C8E4443246F984200CAF168 /* SecondViewController.m */ = {isa = PBXFileReference; lastKnownFileType = sourcecode.c.objc; path = SecondViewController.m; sourceTree = "<group>"; };
		8C8E4446246F984200CAF168 /* Base */ = {isa = PBXFileReference; lastKnownFileType = file.storyboard; name = Base; path = Base.lproj/Main.storyboard; sourceTree = "<group>"; };
		8C8E4448246F984300CAF168 /* Assets.xcassets */ = {isa = PBXFileReference; lastKnownFileType = folder.assetcatalog; path = Assets.xcassets; sourceTree = "<group>"; };
		8C8E444B246F984300CAF168 /* Base */ = {isa = PBXFileReference; lastKnownFileType = file.storyboard; name = Base; path = Base.lproj/LaunchScreen.storyboard; sourceTree = "<group>"; };
		8C8E444D246F984300CAF168 /* Info.plist */ = {isa = PBXFileReference; lastKnownFileType = text.plist.xml; path = Info.plist; sourceTree = "<group>"; };
		8C8E444E246F984300CAF168 /* main.m */ = {isa = PBXFileReference; lastKnownFileType = sourcecode.c.objc; path = main.m; sourceTree = "<group>"; };
		8C8E4455246F98C500CAF168 /* RSAEncrypt.h */ = {isa = PBXFileReference; lastKnownFileType = sourcecode.c.h; path = RSAEncrypt.h; sourceTree = "<group>"; };
		8C8E4456246F98C500CAF168 /* RSAEncrypt.m */ = {isa = PBXFileReference; lastKnownFileType = sourcecode.c.objc; path = RSAEncrypt.m; sourceTree = "<group>"; };
		8C8E4458246F9D4D00CAF168 /* private.pem */ = {isa = PBXFileReference; fileEncoding = 4; lastKnownFileType = text; path = private.pem; sourceTree = "<group>"; };
		8C8E4459246F9D4D00CAF168 /* public.pem */ = {isa = PBXFileReference; fileEncoding = 4; lastKnownFileType = text; path = public.pem; sourceTree = "<group>"; };
/* End PBXFileReference section */

/* Begin PBXFrameworksBuildPhase section */
		8C8E4433246F984200CAF168 /* Frameworks */ = {
			isa = PBXFrameworksBuildPhase;
			buildActionMask = 2147483647;
			files = (
			);
			runOnlyForDeploymentPostprocessing = 0;
		};
/* End PBXFrameworksBuildPhase section */

/* Begin PBXGroup section */
		8C8E442D246F984200CAF168 = {
			isa = PBXGroup;
			children = (
				8C8E4438246F984200CAF168 /* Objective-C_RSA_Encrypt */,
				8C8E4437246F984200CAF168 /* Products */,
			);
			sourceTree = "<group>";
		};
		8C8E4437246F984200CAF168 /* Products */ = {
			isa = PBXGroup;
			children = (
				8C8E4436246F984200CAF168 /* Objective-C_RSA_Encrypt.app */,
			);
			name = Products;
			sourceTree = "<group>";
		};
		8C8E4438246F984200CAF168 /* Objective-C_RSA_Encrypt */ = {
			isa = PBXGroup;
			children = (
				8C8E4439246F984200CAF168 /* AppDelegate.h */,
				8C8E443A246F984200CAF168 /* AppDelegate.m */,
				8C8E443C246F984200CAF168 /* SceneDelegate.h */,
				8C8E443D246F984200CAF168 /* SceneDelegate.m */,
				8C8E443F246F984200CAF168 /* FirstViewController.h */,
				8C8E4440246F984200CAF168 /* FirstViewController.m */,
				8C8E4442246F984200CAF168 /* SecondViewController.h */,
				8C8E4443246F984200CAF168 /* SecondViewController.m */,
				8C8E4445246F984200CAF168 /* Main.storyboard */,
				8C8E4448246F984300CAF168 /* Assets.xcassets */,
				8C8E444A246F984300CAF168 /* LaunchScreen.storyboard */,
				8C8E444D246F984300CAF168 /* Info.plist */,
				8C8E444E246F984300CAF168 /* main.m */,
				8C8E4455246F98C500CAF168 /* RSAEncrypt.h */,
				8C8E4456246F98C500CAF168 /* RSAEncrypt.m */,
				8C8E4458246F9D4D00CAF168 /* private.pem */,
				8C8E4459246F9D4D00CAF168 /* public.pem */,
			);
			path = "Objective-C_RSA_Encrypt";
			sourceTree = "<group>";
		};
/* End PBXGroup section */

/* Begin PBXNativeTarget section */
		8C8E4435246F984200CAF168 /* Objective-C_RSA_Encrypt */ = {
			isa = PBXNativeTarget;
			buildConfigurationList = 8C8E4452246F984300CAF168 /* Build configuration list for PBXNativeTarget "Objective-C_RSA_Encrypt" */;
			buildPhases = (
				8C8E4432246F984200CAF168 /* Sources */,
				8C8E4433246F984200CAF168 /* Frameworks */,
				8C8E4434246F984200CAF168 /* Resources */,
			);
			buildRules = (
			);
			dependencies = (
			);
			name = "Objective-C_RSA_Encrypt";
			productName = "Objective-C_RSA_Encrypt";
			productReference = 8C8E4436246F984200CAF168 /* Objective-C_RSA_Encrypt.app */;
			productType = "com.apple.product-type.application";
		};
/* End PBXNativeTarget section */

/* Begin PBXProject section */
		8C8E442E246F984200CAF168 /* Project object */ = {
			isa = PBXProject;
			attributes = {
				LastUpgradeCheck = 1140;
				ORGANIZATIONNAME = "Ezio Chiu";
				TargetAttributes = {
					8C8E4435246F984200CAF168 = {
						CreatedOnToolsVersion = 11.4.1;
					};
				};
			};
			buildConfigurationList = 8C8E4431246F984200CAF168 /* Build configuration list for PBXProject "Objective-C_RSA_Encrypt" */;
			compatibilityVersion = "Xcode 9.3";
			developmentRegion = en;
			hasScannedForEncodings = 0;
			knownRegions = (
				en,
				Base,
			);
			mainGroup = 8C8E442D246F984200CAF168;
			productRefGroup = 8C8E4437246F984200CAF168 /* Products */;
			projectDirPath = "";
			projectRoot = "";
			targets = (
				8C8E4435246F984200CAF168 /* Objective-C_RSA_Encrypt */,
			);
		};
/* End PBXProject section */

/* Begin PBXResourcesBuildPhase section */
		8C8E4434246F984200CAF168 /* Resources */ = {
			isa = PBXResourcesBuildPhase;
			buildActionMask = 2147483647;
			files = (
				8C8E444C246F984300CAF168 /* LaunchScreen.storyboard in Resources */,
				8C8E445B246F9D4D00CAF168 /* public.pem in Resources */,
				8C8E445A246F9D4D00CAF168 /* private.pem in Resources */,
				8C8E4449246F984300CAF168 /* Assets.xcassets in Resources */,
				8C8E4447246F984200CAF168 /* Main.storyboard in Resources */,
			);
			runOnlyForDeploymentPostprocessing = 0;
		};
/* End PBXResourcesBuildPhase section */

/* Begin PBXSourcesBuildPhase section */
		8C8E4432246F984200CAF168 /* Sources */ = {
			isa = PBXSourcesBuildPhase;
			buildActionMask = 2147483647;
			files = (
				8C8E444F246F984300CAF168 /* main.m in Sources */,
				8C8E4444246F984200CAF168 /* SecondViewController.m in Sources */,
				8C8E443B246F984200CAF168 /* AppDelegate.m in Sources */,
				8C8E4441246F984200CAF168 /* FirstViewController.m in Sources */,
				8C8E4457246F98C500CAF168 /* RSAEncrypt.m in Sources */,
				8C8E443E246F984200CAF168 /* SceneDelegate.m in Sources */,
			);
			runOnlyForDeploymentPostprocessing = 0;
		};
/* End PBXSourcesBuildPhase section */

/* Begin PBXVariantGroup section */
		8C8E4445246F984200CAF168 /* Main.storyboard */ = {
			isa = PBXVariantGroup;
			children = (
				8C8E4446246F984200CAF168 /* Base */,
			);
			name = Main.storyboard;
			sourceTree = "<group>";
		};
		8C8E444A246F984300CAF168 /* LaunchScreen.storyboard */ = {
			isa = PBXVariantGroup;
			children = (
				8C8E444B246F984300CAF168 /* Base */,
			);
			name = LaunchScreen.storyboard;
			sourceTree = "<group>";
		};
/* End PBXVariantGroup section */

/* Begin XCBuildConfiguration section */
		8C8E4450246F984300CAF168 /* Debug */ = {
			isa = XCBuildConfiguration;
			buildSettings = {
				ALWAYS_SEARCH_USER_PATHS = NO;
				CLANG_ANALYZER_NONNULL = YES;
				CLANG_ANALYZER_NUMBER_OBJECT_CONVERSION = YES_AGGRESSIVE;
				CLANG_CXX_LANGUAGE_STANDARD = "gnu++14";
				CLANG_CXX_LIBRARY = "libc++";
				CLANG_ENABLE_MODULES = YES;
				CLANG_ENABLE_OBJC_ARC = YES;
				CLANG_ENABLE_OBJC_WEAK = YES;
				CLANG_WARN_BLOCK_CAPTURE_AUTORELEASING = YES;
				CLANG_WARN_BOOL_CONVERSION = YES;
				CLANG_WARN_COMMA = YES;
				CLANG_WARN_CONSTANT_CONVERSION = YES;
				CLANG_WARN_DEPRECATED_OBJC_IMPLEMENTATIONS = YES;
				CLANG_WARN_DIRECT_OBJC_ISA_USAGE = YES_ERROR;
				CLANG_WARN_DOCUMENTATION_COMMENTS = YES;
				CLANG_WARN_EMPTY_BODY = YES;
				CLANG_WARN_ENUM_CONVERSION = YES;
				CLANG_WARN_INFINITE_RECURSION = YES;
				CLANG_WARN_INT_CONVERSION = YES;
				CLANG_WARN_NON_LITERAL_NULL_CONVERSION = YES;
				CLANG_WARN_OBJC_IMPLICIT_RETAIN_SELF = YES;
				CLANG_WARN_OBJC_LITERAL_CONVERSION = YES;
				CLANG_WARN_OBJC_ROOT_CLASS = YES_ERROR;
				CLANG_WARN_RANGE_LOOP_ANALYSIS = YES;
				CLANG_WARN_STRICT_PROTOTYPES = YES;
				CLANG_WARN_SUSPICIOUS_MOVE = YES;
				CLANG_WARN_UNGUARDED_AVAILABILITY = YES_AGGRESSIVE;
				CLANG_WARN_UNREACHABLE_CODE = YES;
				CLANG_WARN__DUPLICATE_METHOD_MATCH = YES;
				COPY_PHASE_STRIP = NO;
				DEBUG_INFORMATION_FORMAT = dwarf;
				ENABLE_STRICT_OBJC_MSGSEND = YES;
				ENABLE_TESTABILITY = YES;
				GCC_C_LANGUAGE_STANDARD = gnu11;
				GCC_DYNAMIC_NO_PIC = NO;
				GCC_NO_COMMON_BLOCKS = YES;
				GCC_OPTIMIZATION_LEVEL = 0;
				GCC_PREPROCESSOR_DEFINITIONS = (
					"DEBUG=1",
					"$(inherited)",
				);
				GCC_WARN_64_TO_32_BIT_CONVERSION = YES;
				GCC_WARN_ABOUT_RETURN_TYPE = YES_ERROR;
				GCC_WARN_UNDECLARED_SELECTOR = YES;
				GCC_WARN_UNINITIALIZED_AUTOS = YES_AGGRESSIVE;
				GCC_WARN_UNUSED_FUNCTION = YES;
				GCC_WARN_UNUSED_VARIABLE = YES;
				IPHONEOS_DEPLOYMENT_TARGET = 13.4;
				MTL_ENABLE_DEBUG_INFO = INCLUDE_SOURCE;
				MTL_FAST_MATH = YES;
				ONLY_ACTIVE_ARCH = YES;
				SDKROOT = iphoneos;
			};
			name = Debug;
		};
		8C8E4451246F984300CAF168 /* Release */ = {
			isa = XCBuildConfiguration;
			buildSettings = {
				ALWAYS_SEARCH_USER_PATHS = NO;
				CLANG_ANALYZER_NONNULL = YES;
				CLANG_ANALYZER_NUMBER_OBJECT_CONVERSION = YES_AGGRESSIVE;
				CLANG_CXX_LANGUAGE_STANDARD = "gnu++14";
				CLANG_CXX_LIBRARY = "libc++";
				CLANG_ENABLE_MODULES = YES;
				CLANG_ENABLE_OBJC_ARC = YES;
				CLANG_ENABLE_OBJC_WEAK = YES;
				CLANG_WARN_BLOCK_CAPTURE_AUTORELEASING = YES;
				CLANG_WARN_BOOL_CONVERSION = YES;
				CLANG_WARN_COMMA = YES;
				CLANG_WARN_CONSTANT_CONVERSION = YES;
				CLANG_WARN_DEPRECATED_OBJC_IMPLEMENTATIONS = YES;
				CLANG_WARN_DIRECT_OBJC_ISA_USAGE = YES_ERROR;
				CLANG_WARN_DOCUMENTATION_COMMENTS = YES;
				CLANG_WARN_EMPTY_BODY = YES;
				CLANG_WARN_ENUM_CONVERSION = YES;
				CLANG_WARN_INFINITE_RECURSION = YES;
				CLANG_WARN_INT_CONVERSION = YES;
				CLANG_WARN_NON_LITERAL_NULL_CONVERSION = YES;
				CLANG_WARN_OBJC_IMPLICIT_RETAIN_SELF = YES;
				CLANG_WARN_OBJC_LITERAL_CONVERSION = YES;
				CLANG_WARN_OBJC_ROOT_CLASS = YES_ERROR;
				CLANG_WARN_RANGE_LOOP_ANALYSIS = YES;
				CLANG_WARN_STRICT_PROTOTYPES = YES;
				CLANG_WARN_SUSPICIOUS_MOVE = YES;
				CLANG_WARN_UNGUARDED_AVAILABILITY = YES_AGGRESSIVE;
				CLANG_WARN_UNREACHABLE_CODE = YES;
				CLANG_WARN__DUPLICATE_METHOD_MATCH = YES;
				COPY_PHASE_STRIP = NO;
				DEBUG_INFORMATION_FORMAT = "dwarf-with-dsym";
				ENABLE_NS_ASSERTIONS = NO;
				ENABLE_STRICT_OBJC_MSGSEND = YES;
				GCC_C_LANGUAGE_STANDARD = gnu11;
				GCC_NO_COMMON_BLOCKS = YES;
				GCC_WARN_64_TO_32_BIT_CONVERSION = YES;
				GCC_WARN_ABOUT_RETURN_TYPE = YES_ERROR;
				GCC_WARN_UNDECLARED_SELECTOR = YES;
				GCC_WARN_UNINITIALIZED_AUTOS = YES_AGGRESSIVE;
				GCC_WARN_UNUSED_FUNCTION = YES;
				GCC_WARN_UNUSED_VARIABLE = YES;
				IPHONEOS_DEPLOYMENT_TARGET = 13.4;
				MTL_ENABLE_DEBUG_INFO = NO;
				MTL_FAST_MATH = YES;
				SDKROOT = iphoneos;
				VALIDATE_PRODUCT = YES;
			};
			name = Release;
		};
		8C8E4453246F984300CAF168 /* Debug */ = {
			isa = XCBuildConfiguration;
			buildSettings = {
				ASSETCATALOG_COMPILER_APPICON_NAME = AppIcon;
				CODE_SIGN_STYLE = Automatic;
				DEVELOPMENT_TEAM = AM4U55P6ZN;
				INFOPLIST_FILE = "Objective-C_RSA_Encrypt/Info.plist";
				LD_RUNPATH_SEARCH_PATHS = (
					"$(inherited)",
					"@executable_path/Frameworks",
				);
				PRODUCT_BUNDLE_IDENTIFIER = "com.ezio.Objective-C-RSA-Encrypt";
				PRODUCT_NAME = "$(TARGET_NAME)";
				TARGETED_DEVICE_FAMILY = "1,2";
			};
			name = Debug;
		};
		8C8E4454246F984300CAF168 /* Release */ = {
			isa = XCBuildConfiguration;
			buildSettings = {
				ASSETCATALOG_COMPILER_APPICON_NAME = AppIcon;
				CODE_SIGN_STYLE = Automatic;
				DEVELOPMENT_TEAM = AM4U55P6ZN;
				INFOPLIST_FILE = "Objective-C_RSA_Encrypt/Info.plist";
				LD_RUNPATH_SEARCH_PATHS = (
					"$(inherited)",
					"@executable_path/Frameworks",
				);
				PRODUCT_BUNDLE_IDENTIFIER = "com.ezio.Objective-C-RSA-Encrypt";
				PRODUCT_NAME = "$(TARGET_NAME)";
				TARGETED_DEVICE_FAMILY = "1,2";
			};
			name = Release;
		};
/* End XCBuildConfiguration section */

/* Begin XCConfigurationList section */
		8C8E4431246F984200CAF168 /* Build configuration list for PBXProject "Objective-C_RSA_Encrypt" */ = {
			isa = XCConfigurationList;
			buildConfigurations = (
				8C8E4450246F984300CAF168 /* Debug */,
				8C8E4451246F984300CAF168 /* Release */,
			);
			defaultConfigurationIsVisible = 0;
			defaultConfigurationName = Release;
		};
		8C8E4452246F984300CAF168 /* Build configuration list for PBXNativeTarget "Objective-C_RSA_Encrypt" */ = {
			isa = XCConfigurationList;
			buildConfigurations = (
				8C8E4453246F984300CAF168 /* Debug */,
				8C8E4454246F984300CAF168 /* Release */,
			);
			defaultConfigurationIsVisible = 0;
			defaultConfigurationName = Release;
		};
/* End XCConfigurationList section */
	};
	rootObject = 8C8E442E246F984200CAF168 /* Project object */;
}
